
Microsoft Visual Studio Solution File, Format Version 12.00
# Visual Studio Version 17
VisualStudioVersion = 17.5.33502.453
MinimumVisualStudioVersion = 10.0.40219.1
Project("{9A19103F-16F7-4668-BE54-9A1E7A4F7556}") = "JupiterWeb.API", "JupiterWeb.API\JupiterWeb.API.csproj", "{3158E0FE-5AF9-407E-8F39-8EE1315424E1}"
EndProject
Project("{FAE04EC0-301F-11D3-BF4B-00C04F79EFBC}") = "JupiterWeb.BL", "JupiterWeb.BL\JupiterWeb.BL.csproj", "{5947688F-3E4A-40CD-804B-A527483BC923}"
EndProject
Project("{FAE04EC0-301F-11D3-BF4B-00C04F79EFBC}") = "JupiterWeb.DAL", "JupiterWeb.DAL\JupiterWeb.DAL.csproj", "{A759E710-867C-47F3-9ED1-CF9D32294FD5}"
EndProject
Global
	GlobalSection(SolutionConfigurationPlatforms) = preSolution
		Debug|Any CPU = Debug|Any CPU
		Release|Any CPU = Release|Any CPU
	EndGlobalSection
	GlobalSection(ProjectConfigurationPlatforms) = postSolution
		{3158E0FE-5AF9-407E-8F39-8EE1315424E1}.Debug|Any CPU.ActiveCfg = Debug|Any CPU
		{3158E0FE-5AF9-407E-8F39-8EE1315424E1}.Debug|Any CPU.Build.0 = Debug|Any CPU
		{3158E0FE-5AF9-407E-8F39-8EE1315424E1}.Release|Any CPU.ActiveCfg = Release|Any CPU
		{3158E0FE-5AF9-407E-8F39-8EE1315424E1}.Release|Any CPU.Build.0 = Release|Any CPU
		{5947688F-3E4A-40CD-804B-A527483BC923}.Debug|Any CPU.ActiveCfg = Debug|Any CPU
		{5947688F-3E4A-40CD-804B-A527483BC923}.Debug|Any CPU.Build.0 = Debug|Any CPU
		{5947688F-3E4A-40CD-804B-A527483BC923}.Release|Any CPU.ActiveCfg = Release|Any CPU
		{5947688F-3E4A-40CD-804B-A527483BC923}.Release|Any CPU.Build.0 = Release|Any CPU
		{A759E710-867C-47F3-9ED1-CF9D32294FD5}.Debug|Any CPU.ActiveCfg = Debug|Any CPU
		{A759E710-867C-47F3-9ED1-CF9D32294FD5}.Debug|Any CPU.Build.0 = Debug|Any CPU
		{A759E710-867C-47F3-9ED1-CF9D32294FD5}.Release|Any CPU.ActiveCfg = Release|Any CPU
		{A759E710-867C-47F3-9ED1-CF9D32294FD5}.Release|Any CPU.Build.0 = Release|Any CPU
	EndGlobalSection
	GlobalSection(SolutionProperties) = preSolution
		HideSolutionNode = FALSE
	EndGlobalSection
	GlobalSection(ExtensibilityGlobals) = postSolution
		SolutionGuid = {EEADB9FD-32F8-44AC-BB1D-0614F1DC65DB}
	EndGlobalSection
EndGlobal
